// !$*UTF8*$!
{
	archiveVersion = 1;
	classes = {
	};
	objectVersion = 50;
	objects = {

/* Begin PBXBuildFile section */
		4E61388B21A8995A00ED1F82 /* myData.db in Resources */ = {isa = PBXBuildFile; fileRef = 4E61388A21A8995A00ED1F82 /* myData.db */; };
		4E61388D21A899EA00ED1F82 /* libsqlite3.0.tbd in Frameworks */ = {isa = PBXBuildFile; fileRef = 4E61388C21A899EA00ED1F82 /* libsqlite3.0.tbd */; };
		4E61389521ACC8FD00ED1F82 /* database.swift in Sources */ = {isa = PBXBuildFile; fileRef = 4E61389421ACC8FC00ED1F82 /* database.swift */; };
		4E61389721AE504E00ED1F82 /* event.swift in Sources */ = {isa = PBXBuildFile; fileRef = 4E61389621AE504E00ED1F82 /* event.swift */; };
		EF31CD6421868DE600D72E36 /* AppDelegate.swift in Sources */ = {isa = PBXBuildFile; fileRef = EF31CD6321868DE600D72E36 /* AppDelegate.swift */; };
		EF31CD6621868DE600D72E36 /* ViewController.swift in Sources */ = {isa = PBXBuildFile; fileRef = EF31CD6521868DE600D72E36 /* ViewController.swift */; };
		EF31CD6921868DE600D72E36 /* Main.storyboard in Resources */ = {isa = PBXBuildFile; fileRef = EF31CD6721868DE600D72E36 /* Main.storyboard */; };
		EF31CD6B21868DEA00D72E36 /* Assets.xcassets in Resources */ = {isa = PBXBuildFile; fileRef = EF31CD6A21868DEA00D72E36 /* Assets.xcassets */; };
		EF31CD6E21868DEA00D72E36 /* LaunchScreen.storyboard in Resources */ = {isa = PBXBuildFile; fileRef = EF31CD6C21868DEA00D72E36 /* LaunchScreen.storyboard */; };
		EFCD29D921BE8D51001FCF2C /* editprofileViewController.swift in Sources */ = {isa = PBXBuildFile; fileRef = EFCD29D821BE8D51001FCF2C /* editprofileViewController.swift */; };
		EFF0F07721869C280061E2A4 /* LoginViewController.swift in Sources */ = {isa = PBXBuildFile; fileRef = EFF0F07621869C280061E2A4 /* LoginViewController.swift */; };
		EFF0F07921869C880061E2A4 /* SignUpViewController.swift in Sources */ = {isa = PBXBuildFile; fileRef = EFF0F07821869C880061E2A4 /* SignUpViewController.swift */; };
		EFF0F07B2186A80F0061E2A4 /* passwordViewController.swift in Sources */ = {isa = PBXBuildFile; fileRef = EFF0F07A2186A80F0061E2A4 /* passwordViewController.swift */; };
		EFF0F07D2186AC9A0061E2A4 /* FeedViewController.swift in Sources */ = {isa = PBXBuildFile; fileRef = EFF0F07C2186AC9A0061E2A4 /* FeedViewController.swift */; };
		EFF0F07F2186B5EB0061E2A4 /* FilterViewController.swift in Sources */ = {isa = PBXBuildFile; fileRef = EFF0F07E2186B5EB0061E2A4 /* FilterViewController.swift */; };
		EFF0F0822186B7260061E2A4 /* ProfileViewController.swift in Sources */ = {isa = PBXBuildFile; fileRef = EFF0F0812186B7260061E2A4 /* ProfileViewController.swift */; };
		EFF0F0842186B77E0061E2A4 /* AddViewController.swift in Sources */ = {isa = PBXBuildFile; fileRef = EFF0F0832186B77E0061E2A4 /* AddViewController.swift */; };
/* End PBXBuildFile section */

/* Begin PBXFileReference section */
		4E61388A21A8995A00ED1F82 /* myData.db */ = {isa = PBXFileReference; lastKnownFileType = file; path = myData.db; sourceTree = "<group>"; };
		4E61388C21A899EA00ED1F82 /* libsqlite3.0.tbd */ = {isa = PBXFileReference; lastKnownFileType = "sourcecode.text-based-dylib-definition"; name = libsqlite3.0.tbd; path = usr/lib/libsqlite3.0.tbd; sourceTree = SDKROOT; };
		4E61389021A8C84B00ED1F82 /* FiveCollegeCS-Bridging-Header.h */ = {isa = PBXFileReference; lastKnownFileType = sourcecode.c.h; path = "FiveCollegeCS-Bridging-Header.h"; sourceTree = "<group>"; };
		4E61389421ACC8FC00ED1F82 /* database.swift */ = {isa = PBXFileReference; lastKnownFileType = sourcecode.swift; path = database.swift; sourceTree = "<group>"; };
		4E61389621AE504E00ED1F82 /* event.swift */ = {isa = PBXFileReference; lastKnownFileType = sourcecode.swift; path = event.swift; sourceTree = "<group>"; };
		EF31CD6021868DE600D72E36 /* FiveCollegeCS.app */ = {isa = PBXFileReference; explicitFileType = wrapper.application; includeInIndex = 0; path = FiveCollegeCS.app; sourceTree = BUILT_PRODUCTS_DIR; };
		EF31CD6321868DE600D72E36 /* AppDelegate.swift */ = {isa = PBXFileReference; lastKnownFileType = sourcecode.swift; path = AppDelegate.swift; sourceTree = "<group>"; };
		EF31CD6521868DE600D72E36 /* ViewController.swift */ = {isa = PBXFileReference; lastKnownFileType = sourcecode.swift; path = ViewController.swift; sourceTree = "<group>"; };
		EF31CD6821868DE600D72E36 /* Base */ = {isa = PBXFileReference; lastKnownFileType = file.storyboard; name = Base; path = Base.lproj/Main.storyboard; sourceTree = "<group>"; };
		EF31CD6A21868DEA00D72E36 /* Assets.xcassets */ = {isa = PBXFileReference; lastKnownFileType = folder.assetcatalog; path = Assets.xcassets; sourceTree = "<group>"; };
		EF31CD6D21868DEA00D72E36 /* Base */ = {isa = PBXFileReference; lastKnownFileType = file.storyboard; name = Base; path = Base.lproj/LaunchScreen.storyboard; sourceTree = "<group>"; };
		EF31CD6F21868DEA00D72E36 /* Info.plist */ = {isa = PBXFileReference; lastKnownFileType = text.plist.xml; path = Info.plist; sourceTree = "<group>"; };
		EFCD29D821BE8D51001FCF2C /* editprofileViewController.swift */ = {isa = PBXFileReference; lastKnownFileType = sourcecode.swift; path = editprofileViewController.swift; sourceTree = "<group>"; };
		EFF0F07621869C280061E2A4 /* LoginViewController.swift */ = {isa = PBXFileReference; lastKnownFileType = sourcecode.swift; path = LoginViewController.swift; sourceTree = "<group>"; };
		EFF0F07821869C880061E2A4 /* SignUpViewController.swift */ = {isa = PBXFileReference; lastKnownFileType = sourcecode.swift; path = SignUpViewController.swift; sourceTree = "<group>"; };
		EFF0F07A2186A80F0061E2A4 /* passwordViewController.swift */ = {isa = PBXFileReference; lastKnownFileType = sourcecode.swift; path = passwordViewController.swift; sourceTree = "<group>"; };
		EFF0F07C2186AC9A0061E2A4 /* FeedViewController.swift */ = {isa = PBXFileReference; lastKnownFileType = sourcecode.swift; path = FeedViewController.swift; sourceTree = "<group>"; };
		EFF0F07E2186B5EB0061E2A4 /* FilterViewController.swift */ = {isa = PBXFileReference; lastKnownFileType = sourcecode.swift; path = FilterViewController.swift; sourceTree = "<group>"; };
		EFF0F0812186B7260061E2A4 /* ProfileViewController.swift */ = {isa = PBXFileReference; lastKnownFileType = sourcecode.swift; path = ProfileViewController.swift; sourceTree = "<group>"; };
		EFF0F0832186B77E0061E2A4 /* AddViewController.swift */ = {isa = PBXFileReference; lastKnownFileType = sourcecode.swift; path = AddViewController.swift; sourceTree = "<group>"; };
/* End PBXFileReference section */

/* Begin PBXFrameworksBuildPhase section */
		EF31CD5D21868DE600D72E36 /* Frameworks */ = {
			isa = PBXFrameworksBuildPhase;
			buildActionMask = 2147483647;
			files = (
				4E61388D21A899EA00ED1F82 /* libsqlite3.0.tbd in Frameworks */,
			);
			runOnlyForDeploymentPostprocessing = 0;
		};
/* End PBXFrameworksBuildPhase section */

/* Begin PBXGroup section */
		4E04526D21A30A9300081907 /* Frameworks */ = {
			isa = PBXGroup;
			children = (
				4E61388C21A899EA00ED1F82 /* libsqlite3.0.tbd */,
			);
			name = Frameworks;
			sourceTree = "<group>";
		};
		EF31CD5721868DE600D72E36 = {
			isa = PBXGroup;
			children = (
				EF31CD6221868DE600D72E36 /* FiveCollegeCS */,
				EF31CD6121868DE600D72E36 /* Products */,
				4E04526D21A30A9300081907 /* Frameworks */,
			);
			sourceTree = "<group>";
		};
		EF31CD6121868DE600D72E36 /* Products */ = {
			isa = PBXGroup;
			children = (
				EF31CD6021868DE600D72E36 /* FiveCollegeCS.app */,
			);
			name = Products;
			sourceTree = "<group>";
		};
		EF31CD6221868DE600D72E36 /* FiveCollegeCS */ = {
			isa = PBXGroup;
			children = (
				4E61389421ACC8FC00ED1F82 /* database.swift */,
				4E61389621AE504E00ED1F82 /* event.swift */,
				4E61388A21A8995A00ED1F82 /* myData.db */,
				EF31CD6321868DE600D72E36 /* AppDelegate.swift */,
				EFF0F07621869C280061E2A4 /* LoginViewController.swift */,
				EFF0F07821869C880061E2A4 /* SignUpViewController.swift */,
				EFF0F0812186B7260061E2A4 /* ProfileViewController.swift */,
				EF31CD6521868DE600D72E36 /* ViewController.swift */,
				EF31CD6721868DE600D72E36 /* Main.storyboard */,
				EFF0F07C2186AC9A0061E2A4 /* FeedViewController.swift */,
				EF31CD6A21868DEA00D72E36 /* Assets.xcassets */,
				EFF0F0832186B77E0061E2A4 /* AddViewController.swift */,
				EFF0F07E2186B5EB0061E2A4 /* FilterViewController.swift */,
				EFCD29D821BE8D51001FCF2C /* editprofileViewController.swift */,
				EFF0F07A2186A80F0061E2A4 /* passwordViewController.swift */,
				EF31CD6C21868DEA00D72E36 /* LaunchScreen.storyboard */,
				EF31CD6F21868DEA00D72E36 /* Info.plist */,
				4E61389021A8C84B00ED1F82 /* FiveCollegeCS-Bridging-Header.h */,
			);
			path = FiveCollegeCS;
			sourceTree = "<group>";
		};
/* End PBXGroup section */

/* Begin PBXNativeTarget section */
		EF31CD5F21868DE600D72E36 /* FiveCollegeCS */ = {
			isa = PBXNativeTarget;
			buildConfigurationList = EF31CD7221868DEA00D72E36 /* Build configuration list for PBXNativeTarget "FiveCollegeCS" */;
			buildPhases = (
				EF31CD5C21868DE600D72E36 /* Sources */,
				EF31CD5D21868DE600D72E36 /* Frameworks */,
				EF31CD5E21868DE600D72E36 /* Resources */,
			);
			buildRules = (
			);
			dependencies = (
			);
			name = FiveCollegeCS;
			productName = FiveCollegeCS;
			productReference = EF31CD6021868DE600D72E36 /* FiveCollegeCS.app */;
			productType = "com.apple.product-type.application";
		};
/* End PBXNativeTarget section */

/* Begin PBXProject section */
		EF31CD5821868DE600D72E36 /* Project object */ = {
			isa = PBXProject;
			attributes = {
				LastSwiftUpdateCheck = 0940;
				LastUpgradeCheck = 0940;
				ORGANIZATIONNAME = mikeythebadass;
				TargetAttributes = {
					EF31CD5F21868DE600D72E36 = {
						CreatedOnToolsVersion = 9.4.1;
						LastSwiftMigration = 0940;
					};
				};
			};
			buildConfigurationList = EF31CD5B21868DE600D72E36 /* Build configuration list for PBXProject "FiveCollegeCS" */;
			compatibilityVersion = "Xcode 9.3";
			developmentRegion = en;
			hasScannedForEncodings = 0;
			knownRegions = (
				en,
				Base,
			);
			mainGroup = EF31CD5721868DE600D72E36;
			productRefGroup = EF31CD6121868DE600D72E36 /* Products */;
			projectDirPath = "";
			projectRoot = "";
			targets = (
				EF31CD5F21868DE600D72E36 /* FiveCollegeCS */,
			);
		};
/* End PBXProject section */

/* Begin PBXResourcesBuildPhase section */
		EF31CD5E21868DE600D72E36 /* Resources */ = {
			isa = PBXResourcesBuildPhase;
			buildActionMask = 2147483647;
			files = (
				EF31CD6E21868DEA00D72E36 /* LaunchScreen.storyboard in Resources */,
				4E61388B21A8995A00ED1F82 /* myData.db in Resources */,
				EF31CD6B21868DEA00D72E36 /* Assets.xcassets in Resources */,
				EF31CD6921868DE600D72E36 /* Main.storyboard in Resources */,
			);
			runOnlyForDeploymentPostprocessing = 0;
		};
/* End PBXResourcesBuildPhase section */

/* Begin PBXSourcesBuildPhase section */
		EF31CD5C21868DE600D72E36 /* Sources */ = {
			isa = PBXSourcesBuildPhase;
			buildActionMask = 2147483647;
			files = (
				EFF0F07F2186B5EB0061E2A4 /* FilterViewController.swift in Sources */,
				EFF0F07721869C280061E2A4 /* LoginViewController.swift in Sources */,
				EFF0F0842186B77E0061E2A4 /* AddViewController.swift in Sources */,
				EF31CD6621868DE600D72E36 /* ViewController.swift in Sources */,
				EFF0F07921869C880061E2A4 /* SignUpViewController.swift in Sources */,
				EF31CD6421868DE600D72E36 /* AppDelegate.swift in Sources */,
				4E61389721AE504E00ED1F82 /* event.swift in Sources */,
				EFF0F07D2186AC9A0061E2A4 /* FeedViewController.swift in Sources */,
				EFCD29D921BE8D51001FCF2C /* editprofileViewController.swift in Sources */,
				EFF0F0822186B7260061E2A4 /* ProfileViewController.swift in Sources */,
				4E61389521ACC8FD00ED1F82 /* database.swift in Sources */,
				EFF0F07B2186A80F0061E2A4 /* passwordViewController.swift in Sources */,
			);
			runOnlyForDeploymentPostprocessing = 0;
		};
/* End PBXSourcesBuildPhase section */

/* Begin PBXVariantGroup section */
		EF31CD6721868DE600D72E36 /* Main.storyboard */ = {
			isa = PBXVariantGroup;
			children = (
				EF31CD6821868DE600D72E36 /* Base */,
			);
			name = Main.storyboard;
			sourceTree = "<group>";
		};
		EF31CD6C21868DEA00D72E36 /* LaunchScreen.storyboard */ = {
			isa = PBXVariantGroup;
			children = (
				EF31CD6D21868DEA00D72E36 /* Base */,
			);
			name = LaunchScreen.storyboard;
			sourceTree = "<group>";
		};
/* End PBXVariantGroup section */

/* Begin XCBuildConfiguration section */
		EF31CD7021868DEA00D72E36 /* Debug */ = {
			isa = XCBuildConfiguration;
			buildSettings = {
				ALWAYS_SEARCH_USER_PATHS = NO;
				CLANG_ANALYZER_NONNULL = YES;
				CLANG_ANALYZER_NUMBER_OBJECT_CONVERSION = YES_AGGRESSIVE;
				CLANG_CXX_LANGUAGE_STANDARD = "gnu++14";
				CLANG_CXX_LIBRARY = "libc++";
				CLANG_ENABLE_MODULES = YES;
				CLANG_ENABLE_OBJC_ARC = YES;
				CLANG_ENABLE_OBJC_WEAK = YES;
				CLANG_WARN_BLOCK_CAPTURE_AUTORELEASING = YES;
				CLANG_WARN_BOOL_CONVERSION = YES;
				CLANG_WARN_COMMA = YES;
				CLANG_WARN_CONSTANT_CONVERSION = YES;
				CLANG_WARN_DEPRECATED_OBJC_IMPLEMENTATIONS = YES;
				CLANG_WARN_DIRECT_OBJC_ISA_USAGE = YES_ERROR;
				CLANG_WARN_DOCUMENTATION_COMMENTS = YES;
				CLANG_WARN_EMPTY_BODY = YES;
				CLANG_WARN_ENUM_CONVERSION = YES;
				CLANG_WARN_INFINITE_RECURSION = YES;
				CLANG_WARN_INT_CONVERSION = YES;
				CLANG_WARN_NON_LITERAL_NULL_CONVERSION = YES;
				CLANG_WARN_OBJC_IMPLICIT_RETAIN_SELF = YES;
				CLANG_WARN_OBJC_LITERAL_CONVERSION = YES;
				CLANG_WARN_OBJC_ROOT_CLASS = YES_ERROR;
				CLANG_WARN_RANGE_LOOP_ANALYSIS = YES;
				CLANG_WARN_STRICT_PROTOTYPES = YES;
				CLANG_WARN_SUSPICIOUS_MOVE = YES;
				CLANG_WARN_UNGUARDED_AVAILABILITY = YES_AGGRESSIVE;
				CLANG_WARN_UNREACHABLE_CODE = YES;
				CLANG_WARN__DUPLICATE_METHOD_MATCH = YES;
				CODE_SIGN_IDENTITY = "iPhone Developer";
				COPY_PHASE_STRIP = NO;
				DEBUG_INFORMATION_FORMAT = dwarf;
				ENABLE_STRICT_OBJC_MSGSEND = YES;
				ENABLE_TESTABILITY = YES;
				GCC_C_LANGUAGE_STANDARD = gnu11;
				GCC_DYNAMIC_NO_PIC = NO;
				GCC_NO_COMMON_BLOCKS = YES;
				GCC_OPTIMIZATION_LEVEL = 0;
				GCC_PREPROCESSOR_DEFINITIONS = (
					"DEBUG=1",
					"$(inherited)",
				);
				GCC_WARN_64_TO_32_BIT_CONVERSION = YES;
				GCC_WARN_ABOUT_RETURN_TYPE = YES_ERROR;
				GCC_WARN_UNDECLARED_SELECTOR = YES;
				GCC_WARN_UNINITIALIZED_AUTOS = YES_AGGRESSIVE;
				GCC_WARN_UNUSED_FUNCTION = YES;
				GCC_WARN_UNUSED_VARIABLE = YES;
				IPHONEOS_DEPLOYMENT_TARGET = 11.4;
				MTL_ENABLE_DEBUG_INFO = YES;
				ONLY_ACTIVE_ARCH = YES;
				SDKROOT = iphoneos;
				SWIFT_ACTIVE_COMPILATION_CONDITIONS = DEBUG;
				SWIFT_OPTIMIZATION_LEVEL = "-Onone";
			};
			name = Debug;
		};
		EF31CD7121868DEA00D72E36 /* Release */ = {
			isa = XCBuildConfiguration;
			buildSettings = {
				ALWAYS_SEARCH_USER_PATHS = NO;
				CLANG_ANALYZER_NONNULL = YES;
				CLANG_ANALYZER_NUMBER_OBJECT_CONVERSION = YES_AGGRESSIVE;
				CLANG_CXX_LANGUAGE_STANDARD = "gnu++14";
				CLANG_CXX_LIBRARY = "libc++";
				CLANG_ENABLE_MODULES = YES;
				CLANG_ENABLE_OBJC_ARC = YES;
				CLANG_ENABLE_OBJC_WEAK = YES;
				CLANG_WARN_BLOCK_CAPTURE_AUTORELEASING = YES;
				CLANG_WARN_BOOL_CONVERSION = YES;
				CLANG_WARN_COMMA = YES;
				CLANG_WARN_CONSTANT_CONVERSION = YES;
				CLANG_WARN_DEPRECATED_OBJC_IMPLEMENTATIONS = YES;
				CLANG_WARN_DIRECT_OBJC_ISA_USAGE = YES_ERROR;
				CLANG_WARN_DOCUMENTATION_COMMENTS = YES;
				CLANG_WARN_EMPTY_BODY = YES;
				CLANG_WARN_ENUM_CONVERSION = YES;
				CLANG_WARN_INFINITE_RECURSION = YES;
				CLANG_WARN_INT_CONVERSION = YES;
				CLANG_WARN_NON_LITERAL_NULL_CONVERSION = YES;
				CLANG_WARN_OBJC_IMPLICIT_RETAIN_SELF = YES;
				CLANG_WARN_OBJC_LITERAL_CONVERSION = YES;
				CLANG_WARN_OBJC_ROOT_CLASS = YES_ERROR;
				CLANG_WARN_RANGE_LOOP_ANALYSIS = YES;
				CLANG_WARN_STRICT_PROTOTYPES = YES;
				CLANG_WARN_SUSPICIOUS_MOVE = YES;
				CLANG_WARN_UNGUARDED_AVAILABILITY = YES_AGGRESSIVE;
				CLANG_WARN_UNREACHABLE_CODE = YES;
				CLANG_WARN__DUPLICATE_METHOD_MATCH = YES;
				CODE_SIGN_IDENTITY = "iPhone Developer";
				COPY_PHASE_STRIP = NO;
				DEBUG_INFORMATION_FORMAT = "dwarf-with-dsym";
				ENABLE_NS_ASSERTIONS = NO;
				ENABLE_STRICT_OBJC_MSGSEND = YES;
				GCC_C_LANGUAGE_STANDARD = gnu11;
				GCC_NO_COMMON_BLOCKS = YES;
				GCC_WARN_64_TO_32_BIT_CONVERSION = YES;
				GCC_WARN_ABOUT_RETURN_TYPE = YES_ERROR;
				GCC_WARN_UNDECLARED_SELECTOR = YES;
				GCC_WARN_UNINITIALIZED_AUTOS = YES_AGGRESSIVE;
				GCC_WARN_UNUSED_FUNCTION = YES;
				GCC_WARN_UNUSED_VARIABLE = YES;
				IPHONEOS_DEPLOYMENT_TARGET = 11.4;
				MTL_ENABLE_DEBUG_INFO = NO;
				SDKROOT = iphoneos;
				SWIFT_COMPILATION_MODE = wholemodule;
				SWIFT_OPTIMIZATION_LEVEL = "-O";
				VALIDATE_PRODUCT = YES;
			};
			name = Release;
		};
		EF31CD7321868DEA00D72E36 /* Debug */ = {
			isa = XCBuildConfiguration;
			buildSettings = {
				ASSETCATALOG_COMPILER_APPICON_NAME = AppIcon;
				CLANG_ENABLE_MODULES = YES;
				CODE_SIGN_STYLE = Automatic;
				DEVELOPMENT_TEAM = QF976G5ZGC;
				INFOPLIST_FILE = FiveCollegeCS/Info.plist;
				LD_RUNPATH_SEARCH_PATHS = (
					"$(inherited)",
					"@executable_path/Frameworks",
				);
				PRODUCT_BUNDLE_IDENTIFIER = mikeythebadass.FiveCollegeCS;
				PRODUCT_NAME = "$(TARGET_NAME)";
				SWIFT_OBJC_BRIDGING_HEADER = "FiveCollegeCS/FiveCollegeCS-Bridging-Header.h";
				SWIFT_OPTIMIZATION_LEVEL = "-Onone";
				SWIFT_VERSION = 4.0;
				TARGETED_DEVICE_FAMILY = "1,2";
			};
			name = Debug;
		};
		EF31CD7421868DEA00D72E36 /* Release */ = {
			isa = XCBuildConfiguration;
			buildSettings = {
				ASSETCATALOG_COMPILER_APPICON_NAME = AppIcon;
				CLANG_ENABLE_MODULES = YES;
				CODE_SIGN_STYLE = Automatic;
				DEVELOPMENT_TEAM = QF976G5ZGC;
				INFOPLIST_FILE = FiveCollegeCS/Info.plist;
				LD_RUNPATH_SEARCH_PATHS = (
					"$(inherited)",
					"@executable_path/Frameworks",
				);
				PRODUCT_BUNDLE_IDENTIFIER = mikeythebadass.FiveCollegeCS;
				PRODUCT_NAME = "$(TARGET_NAME)";
				SWIFT_OBJC_BRIDGING_HEADER = "FiveCollegeCS/FiveCollegeCS-Bridging-Header.h";
				SWIFT_VERSION = 4.0;
				TARGETED_DEVICE_FAMILY = "1,2";
			};
			name = Release;
		};
/* End XCBuildConfiguration section */

/* Begin XCConfigurationList section */
		EF31CD5B21868DE600D72E36 /* Build configuration list for PBXProject "FiveCollegeCS" */ = {
			isa = XCConfigurationList;
			buildConfigurations = (
				EF31CD7021868DEA00D72E36 /* Debug */,
				EF31CD7121868DEA00D72E36 /* Release */,
			);
			defaultConfigurationIsVisible = 0;
			defaultConfigurationName = Release;
		};
		EF31CD7221868DEA00D72E36 /* Build configuration list for PBXNativeTarget "FiveCollegeCS" */ = {
			isa = XCConfigurationList;
			buildConfigurations = (
				EF31CD7321868DEA00D72E36 /* Debug */,
				EF31CD7421868DEA00D72E36 /* Release */,
			);
			defaultConfigurationIsVisible = 0;
			defaultConfigurationName = Release;
		};
/* End XCConfigurationList section */
	};
	rootObject = EF31CD5821868DE600D72E36 /* Project object */;
}
